PODS:
  - Amplify (1.0.1):
    - Amplify/Default (= 1.0.1)
  - Amplify/Default (1.0.1)
  - Amplify/Tools (1.0.1)
  - AmplifyPlugins/AWSAPIPlugin (1.0.1):
    - AppSyncRealTimeClient (~> 1.1.0)
    - AWSAuthCore (~> 2.13.4)
    - AWSCore (~> 2.13.4)
    - AWSPluginsCore (= 1.0.1)
    - ReachabilitySwift (~> 5.0.0)
  - AmplifyPlugins/AWSCognitoAuthPlugin (1.0.1):
    - AWSAuthCore (~> 2.13.4)
    - AWSCore (~> 2.13.4)
    - AWSMobileClient (~> 2.13.4)
    - AWSPluginsCore (= 1.0.1)
  - AmplifyPlugins/AWSS3StoragePlugin (1.0.1):
    - AWSAuthCore (~> 2.13.4)
    - AWSCore (~> 2.13.4)
    - AWSPluginsCore (= 1.0.1)
    - AWSS3 (~> 2.13.4)
  - AppSyncRealTimeClient (1.1.6):
    - Starscream (= 3.0.6)
  - AWSAuthCore (2.13.4):
    - AWSCore (= 2.13.4)
  - AWSCognitoIdentityProvider (2.13.4):
    - AWSCognitoIdentityProviderASF (= 1.0.1)
    - AWSCore (= 2.13.4)
  - AWSCognitoIdentityProviderASF (1.0.1)
  - AWSCore (2.13.4)
  - AWSMobileClient (2.13.4):
    - AWSAuthCore (= 2.13.4)
    - AWSCognitoIdentityProvider (= 2.13.4)
  - AWSPluginsCore (1.0.1):
    - Amplify (= 1.0.1)
    - AWSCore (~> 2.13.4)
    - AWSMobileClient (~> 2.13.4)
  - AWSS3 (2.13.4):
    - AWSCore (= 2.13.4)
  - ReachabilitySwift (5.0.0)
  - Starscream (3.0.6)

DEPENDENCIES:
  - Amplify
  - Amplify/Tools
  - AmplifyPlugins/AWSAPIPlugin
  - AmplifyPlugins/AWSCognitoAuthPlugin
  - AmplifyPlugins/AWSS3StoragePlugin

SPEC REPOS:
  trunk:
    - Amplify
    - AmplifyPlugins
    - AppSyncRealTimeClient
    - AWSAuthCore
    - AWSCognitoIdentityProvider
    - AWSCognitoIdentityProviderASF
    - AWSCore
    - AWSMobileClient
    - AWSPluginsCore
    - AWSS3
    - ReachabilitySwift
    - Starscream

SPEC CHECKSUMS:
  Amplify: 8df04e515e756c0d3fe6e7652c69d46110bb74a7
  AmplifyPlugins: 75e82bfc1e2d9fb2f1ea30c037190c3fd611d39e
  AppSyncRealTimeClient: 4a2ccdc1722750a1f4d76e216f9bfb1cf12f10de
  AWSAuthCore: 72b4bd064c28985ea5345c62759632d511de342a
  AWSCognitoIdentityProvider: a2d1d2857316519c018c03ac8205cf78154db5c0
  AWSCognitoIdentityProviderASF: f94f1a502e72ef3d0a1de93e10bf7a79c8698118
  AWSCore: 06beea22b6bdbfe9f5ab5015c6901e8475c746a8
  AWSMobileClient: 33ecce524fbc011d543dae8306ca29a43ecb72e5
  AWSPluginsCore: 37ee45209a3251502893504072a6c4fc0af6f6e4
  AWSS3: ab3965322c8e5ee069eaf9b3201c55557ad21be1
  ReachabilitySwift: 985039c6f7b23a1da463388634119492ff86c825
  Starscream: ef3ece99d765eeccb67de105bfa143f929026cf5

PODFILE CHECKSUM: 79736ce4106526f04259f3cbb50b8884c2e9bbb2

COCOAPODS: 1.9.3
